
Microsoft Visual Studio Solution File, Format Version 12.00
# Visual Studio Version 17
VisualStudioVersion = 17.8.34511.84
MinimumVisualStudioVersion = 10.0.40219.1
Project("{FAE04EC0-301F-11D3-BF4B-00C04F79EFBC}") = "E-Smart", "E-Smart\E-Smart.csproj", "{2D374CB9-0C7B-4411-8D60-2C8FAC41C9AD}"
EndProject
Global
	GlobalSection(SolutionConfigurationPlatforms) = preSolution
		Debug|Any CPU = Debug|Any CPU
		Release|Any CPU = Release|Any CPU
	EndGlobalSection
	GlobalSection(ProjectConfigurationPlatforms) = postSolution
		{2D374CB9-0C7B-4411-8D60-2C8FAC41C9AD}.Debug|Any CPU.ActiveCfg = Debug|Any CPU
		{2D374CB9-0C7B-4411-8D60-2C8FAC41C9AD}.Debug|Any CPU.Build.0 = Debug|Any CPU
		{2D374CB9-0C7B-4411-8D60-2C8FAC41C9AD}.Release|Any CPU.ActiveCfg = Release|Any CPU
		{2D374CB9-0C7B-4411-8D60-2C8FAC41C9AD}.Release|Any CPU.Build.0 = Release|Any CPU
	EndGlobalSection
	GlobalSection(SolutionProperties) = preSolution
		HideSolutionNode = FALSE
	EndGlobalSection
	GlobalSection(ExtensibilityGlobals) = postSolution
		SolutionGuid = {9655841C-E57F-49BD-BA6B-3DEDDD734B4C}
	EndGlobalSection
EndGlobal
